// !$*UTF8*$!
{
	archiveVersion = 1;
	classes = {
	};
	objectVersion = 77;
	objects = {

/* Begin PBXContainerItemProxy section */
		BF1BB09A2D09374F00E7D8E5 /* PBXContainerItemProxy */ = {
			isa = PBXContainerItemProxy;
			containerPortal = BF1BB07F2D09374E00E7D8E5 /* Project object */;
			proxyType = 1;
			remoteGlobalIDString = BF1BB0862D09374E00E7D8E5;
			remoteInfo = Phone;
		};
		BF1BB0A42D09374F00E7D8E5 /* PBXContainerItemProxy */ = {
			isa = PBXContainerItemProxy;
			containerPortal = BF1BB07F2D09374E00E7D8E5 /* Project object */;
			proxyType = 1;
			remoteGlobalIDString = BF1BB0862D09374E00E7D8E5;
			remoteInfo = Phone;
		};
/* End PBXContainerItemProxy section */

/* Begin PBXFileReference section */
		BF1BB0872D09374E00E7D8E5 /* Phone.app */ = {isa = PBXFileReference; explicitFileType = wrapper.application; includeInIndex = 0; path = Phone.app; sourceTree = BUILT_PRODUCTS_DIR; };
		BF1BB0992D09374F00E7D8E5 /* PhoneTests.xctest */ = {isa = PBXFileReference; explicitFileType = wrapper.cfbundle; includeInIndex = 0; path = PhoneTests.xctest; sourceTree = BUILT_PRODUCTS_DIR; };
		BF1BB0A32D09374F00E7D8E5 /* PhoneUITests.xctest */ = {isa = PBXFileReference; explicitFileType = wrapper.cfbundle; includeInIndex = 0; path = PhoneUITests.xctest; sourceTree = BUILT_PRODUCTS_DIR; };
/* End PBXFileReference section */

/* Begin PBXFileSystemSynchronizedRootGroup section */
		BF1BB0892D09374E00E7D8E5 /* Phone */ = {
			isa = PBXFileSystemSynchronizedRootGroup;
			path = Phone;
			sourceTree = "<group>";
		};
		BF1BB09C2D09374F00E7D8E5 /* PhoneTests */ = {
			isa = PBXFileSystemSynchronizedRootGroup;
			path = PhoneTests;
			sourceTree = "<group>";
		};
		BF1BB0A62D09374F00E7D8E5 /* PhoneUITests */ = {
			isa = PBXFileSystemSynchronizedRootGroup;
			path = PhoneUITests;
			sourceTree = "<group>";
		};
/* End PBXFileSystemSynchronizedRootGroup section */

/* Begin PBXFrameworksBuildPhase section */
		BF1BB0842D09374E00E7D8E5 /* Frameworks */ = {
			isa = PBXFrameworksBuildPhase;
			buildActionMask = 2147483647;
			files = (
			);
			runOnlyForDeploymentPostprocessing = 0;
		};
		BF1BB0962D09374F00E7D8E5 /* Frameworks */ = {
			isa = PBXFrameworksBuildPhase;
			buildActionMask = 2147483647;
			files = (
			);
			runOnlyForDeploymentPostprocessing = 0;
		};
		BF1BB0A02D09374F00E7D8E5 /* Frameworks */ = {
			isa = PBXFrameworksBuildPhase;
			buildActionMask = 2147483647;
			files = (
			);
			runOnlyForDeploymentPostprocessing = 0;
		};
/* End PBXFrameworksBuildPhase section */

/* Begin PBXGroup section */
		BF1BB07E2D09374E00E7D8E5 = {
			isa = PBXGroup;
			children = (
				BF1BB0892D09374E00E7D8E5 /* Phone */,
				BF1BB09C2D09374F00E7D8E5 /* PhoneTests */,
				BF1BB0A62D09374F00E7D8E5 /* PhoneUITests */,
				BF1BB0882D09374E00E7D8E5 /* Products */,
			);
			sourceTree = "<group>";
		};
		BF1BB0882D09374E00E7D8E5 /* Products */ = {
			isa = PBXGroup;
			children = (
				BF1BB0872D09374E00E7D8E5 /* Phone.app */,
				BF1BB0992D09374F00E7D8E5 /* PhoneTests.xctest */,
				BF1BB0A32D09374F00E7D8E5 /* PhoneUITests.xctest */,
			);
			name = Products;
			sourceTree = "<group>";
		};
/* End PBXGroup section */

/* Begin PBXNativeTarget section */
		BF1BB0862D09374E00E7D8E5 /* Phone */ = {
			isa = PBXNativeTarget;
			buildConfigurationList = BF1BB0AD2D09374F00E7D8E5 /* Build configuration list for PBXNativeTarget "Phone" */;
			buildPhases = (
				BF1BB0832D09374E00E7D8E5 /* Sources */,
				BF1BB0842D09374E00E7D8E5 /* Frameworks */,
				BF1BB0852D09374E00E7D8E5 /* Resources */,
			);
			buildRules = (
			);
			dependencies = (
			);
			fileSystemSynchronizedGroups = (
				BF1BB0892D09374E00E7D8E5 /* Phone */,
			);
			name = Phone;
			packageProductDependencies = (
			);
			productName = Phone;
			productReference = BF1BB0872D09374E00E7D8E5 /* Phone.app */;
			productType = "com.apple.product-type.application";
		};
		BF1BB0982D09374F00E7D8E5 /* PhoneTests */ = {
			isa = PBXNativeTarget;
			buildConfigurationList = BF1BB0B02D09374F00E7D8E5 /* Build configuration list for PBXNativeTarget "PhoneTests" */;
			buildPhases = (
				BF1BB0952D09374F00E7D8E5 /* Sources */,
				BF1BB0962D09374F00E7D8E5 /* Frameworks */,
				BF1BB0972D09374F00E7D8E5 /* Resources */,
			);
			buildRules = (
			);
			dependencies = (
				BF1BB09B2D09374F00E7D8E5 /* PBXTargetDependency */,
			);
			fileSystemSynchronizedGroups = (
				BF1BB09C2D09374F00E7D8E5 /* PhoneTests */,
			);
			name = PhoneTests;
			packageProductDependencies = (
			);
			productName = PhoneTests;
			productReference = BF1BB0992D09374F00E7D8E5 /* PhoneTests.xctest */;
			productType = "com.apple.product-type.bundle.unit-test";
		};
		BF1BB0A22D09374F00E7D8E5 /* PhoneUITests */ = {
			isa = PBXNativeTarget;
			buildConfigurationList = BF1BB0B32D09374F00E7D8E5 /* Build configuration list for PBXNativeTarget "PhoneUITests" */;
			buildPhases = (
				BF1BB09F2D09374F00E7D8E5 /* Sources */,
				BF1BB0A02D09374F00E7D8E5 /* Frameworks */,
				BF1BB0A12D09374F00E7D8E5 /* Resources */,
			);
			buildRules = (
			);
			dependencies = (
				BF1BB0A52D09374F00E7D8E5 /* PBXTargetDependency */,
			);
			fileSystemSynchronizedGroups = (
				BF1BB0A62D09374F00E7D8E5 /* PhoneUITests */,
			);
			name = PhoneUITests;
			packageProductDependencies = (
			);
			productName = PhoneUITests;
			productReference = BF1BB0A32D09374F00E7D8E5 /* PhoneUITests.xctest */;
			productType = "com.apple.product-type.bundle.ui-testing";
		};
/* End PBXNativeTarget section */

/* Begin PBXProject section */
		BF1BB07F2D09374E00E7D8E5 /* Project object */ = {
			isa = PBXProject;
			attributes = {
				BuildIndependentTargetsInParallel = 1;
				LastSwiftUpdateCheck = 1610;
				LastUpgradeCheck = 1610;
				TargetAttributes = {
					BF1BB0862D09374E00E7D8E5 = {
						CreatedOnToolsVersion = 16.1;
					};
					BF1BB0982D09374F00E7D8E5 = {
						CreatedOnToolsVersion = 16.1;
						TestTargetID = BF1BB0862D09374E00E7D8E5;
					};
					BF1BB0A22D09374F00E7D8E5 = {
						CreatedOnToolsVersion = 16.1;
						TestTargetID = BF1BB0862D09374E00E7D8E5;
					};
				};
			};
			buildConfigurationList = BF1BB0822D09374E00E7D8E5 /* Build configuration list for PBXProject "Phone" */;
			developmentRegion = en;
			hasScannedForEncodings = 0;
			knownRegions = (
				en,
				Base,
			);
			mainGroup = BF1BB07E2D09374E00E7D8E5;
			minimizedProjectReferenceProxies = 1;
			preferredProjectObjectVersion = 77;
			productRefGroup = BF1BB0882D09374E00E7D8E5 /* Products */;
			projectDirPath = "";
			projectRoot = "";
			targets = (
				BF1BB0862D09374E00E7D8E5 /* Phone */,
				BF1BB0982D09374F00E7D8E5 /* PhoneTests */,
				BF1BB0A22D09374F00E7D8E5 /* PhoneUITests */,
			);
		};
/* End PBXProject section */

/* Begin PBXResourcesBuildPhase section */
		BF1BB0852D09374E00E7D8E5 /* Resources */ = {
			isa = PBXResourcesBuildPhase;
			buildActionMask = 2147483647;
			files = (
			);
			runOnlyForDeploymentPostprocessing = 0;
		};
		BF1BB0972D09374F00E7D8E5 /* Resources */ = {
			isa = PBXResourcesBuildPhase;
			buildActionMask = 2147483647;
			files = (
			);
			runOnlyForDeploymentPostprocessing = 0;
		};
		BF1BB0A12D09374F00E7D8E5 /* Resources */ = {
			isa = PBXResourcesBuildPhase;
			buildActionMask = 2147483647;
			files = (
			);
			runOnlyForDeploymentPostprocessing = 0;
		};
/* End PBXResourcesBuildPhase section */

/* Begin PBXSourcesBuildPhase section */
		BF1BB0832D09374E00E7D8E5 /* Sources */ = {
			isa = PBXSourcesBuildPhase;
			buildActionMask = 2147483647;
			files = (
			);
			runOnlyForDeploymentPostprocessing = 0;
		};
		BF1BB0952D09374F00E7D8E5 /* Sources */ = {
			isa = PBXSourcesBuildPhase;
			buildActionMask = 2147483647;
			files = (
			);
			runOnlyForDeploymentPostprocessing = 0;
		};
		BF1BB09F2D09374F00E7D8E5 /* Sources */ = {
			isa = PBXSourcesBuildPhase;
			buildActionMask = 2147483647;
			files = (
			);
			runOnlyForDeploymentPostprocessing = 0;
		};
/* End PBXSourcesBuildPhase section */

/* Begin PBXTargetDependency section */
		BF1BB09B2D09374F00E7D8E5 /* PBXTargetDependency */ = {
			isa = PBXTargetDependency;
			target = BF1BB0862D09374E00E7D8E5 /* Phone */;
			targetProxy = BF1BB09A2D09374F00E7D8E5 /* PBXContainerItemProxy */;
		};
		BF1BB0A52D09374F00E7D8E5 /* PBXTargetDependency */ = {
			isa = PBXTargetDependency;
			target = BF1BB0862D09374E00E7D8E5 /* Phone */;
			targetProxy = BF1BB0A42D09374F00E7D8E5 /* PBXContainerItemProxy */;
		};
/* End PBXTargetDependency section */

/* Begin XCBuildConfiguration section */
		BF1BB0AB2D09374F00E7D8E5 /* Debug */ = {
			isa = XCBuildConfiguration;
			buildSettings = {
				ALWAYS_SEARCH_USER_PATHS = NO;
				ASSETCATALOG_COMPILER_GENERATE_SWIFT_ASSET_SYMBOL_EXTENSIONS = YES;
				CLANG_ANALYZER_NONNULL = YES;
				CLANG_ANALYZER_NUMBER_OBJECT_CONVERSION = YES_AGGRESSIVE;
				CLANG_CXX_LANGUAGE_STANDARD = "gnu++20";
				CLANG_ENABLE_MODULES = YES;
				CLANG_ENABLE_OBJC_ARC = YES;
				CLANG_ENABLE_OBJC_WEAK = YES;
				CLANG_WARN_BLOCK_CAPTURE_AUTORELEASING = YES;
				CLANG_WARN_BOOL_CONVERSION = YES;
				CLANG_WARN_COMMA = YES;
				CLANG_WARN_CONSTANT_CONVERSION = YES;
				CLANG_WARN_DEPRECATED_OBJC_IMPLEMENTATIONS = YES;
				CLANG_WARN_DIRECT_OBJC_ISA_USAGE = YES_ERROR;
				CLANG_WARN_DOCUMENTATION_COMMENTS = YES;
				CLANG_WARN_EMPTY_BODY = YES;
				CLANG_WARN_ENUM_CONVERSION = YES;
				CLANG_WARN_INFINITE_RECURSION = YES;
				CLANG_WARN_INT_CONVERSION = YES;
				CLANG_WARN_NON_LITERAL_NULL_CONVERSION = YES;
				CLANG_WARN_OBJC_IMPLICIT_RETAIN_SELF = YES;
				CLANG_WARN_OBJC_LITERAL_CONVERSION = YES;
				CLANG_WARN_OBJC_ROOT_CLASS = YES_ERROR;
				CLANG_WARN_QUOTED_INCLUDE_IN_FRAMEWORK_HEADER = YES;
				CLANG_WARN_RANGE_LOOP_ANALYSIS = YES;
				CLANG_WARN_STRICT_PROTOTYPES = YES;
				CLANG_WARN_SUSPICIOUS_MOVE = YES;
				CLANG_WARN_UNGUARDED_AVAILABILITY = YES_AGGRESSIVE;
				CLANG_WARN_UNREACHABLE_CODE = YES;
				CLANG_WARN__DUPLICATE_METHOD_MATCH = YES;
				COPY_PHASE_STRIP = NO;
				DEBUG_INFORMATION_FORMAT = dwarf;
				ENABLE_STRICT_OBJC_MSGSEND = YES;
				ENABLE_TESTABILITY = YES;
				ENABLE_USER_SCRIPT_SANDBOXING = YES;
				GCC_C_LANGUAGE_STANDARD = gnu17;
				GCC_DYNAMIC_NO_PIC = NO;
				GCC_NO_COMMON_BLOCKS = YES;
				GCC_OPTIMIZATION_LEVEL = 0;
				GCC_PREPROCESSOR_DEFINITIONS = (
					"DEBUG=1",
					"$(inherited)",
				);
				GCC_WARN_64_TO_32_BIT_CONVERSION = YES;
				GCC_WARN_ABOUT_RETURN_TYPE = YES_ERROR;
				GCC_WARN_UNDECLARED_SELECTOR = YES;
				GCC_WARN_UNINITIALIZED_AUTOS = YES_AGGRESSIVE;
				GCC_WARN_UNUSED_FUNCTION = YES;
				GCC_WARN_UNUSED_VARIABLE = YES;
				IPHONEOS_DEPLOYMENT_TARGET = 18.1;
				LOCALIZATION_PREFERS_STRING_CATALOGS = YES;
				MTL_ENABLE_DEBUG_INFO = INCLUDE_SOURCE;
				MTL_FAST_MATH = YES;
				ONLY_ACTIVE_ARCH = YES;
				SDKROOT = iphoneos;
				SWIFT_ACTIVE_COMPILATION_CONDITIONS = "DEBUG $(inherited)";
				SWIFT_OPTIMIZATION_LEVEL = "-Onone";
			};
			name = Debug;
		};
		BF1BB0AC2D09374F00E7D8E5 /* Release */ = {
			isa = XCBuildConfiguration;
			buildSettings = {
				ALWAYS_SEARCH_USER_PATHS = NO;
				ASSETCATALOG_COMPILER_GENERATE_SWIFT_ASSET_SYMBOL_EXTENSIONS = YES;
				CLANG_ANALYZER_NONNULL = YES;
				CLANG_ANALYZER_NUMBER_OBJECT_CONVERSION = YES_AGGRESSIVE;
				CLANG_CXX_LANGUAGE_STANDARD = "gnu++20";
				CLANG_ENABLE_MODULES = YES;
				CLANG_ENABLE_OBJC_ARC = YES;
				CLANG_ENABLE_OBJC_WEAK = YES;
				CLANG_WARN_BLOCK_CAPTURE_AUTORELEASING = YES;
				CLANG_WARN_BOOL_CONVERSION = YES;
				CLANG_WARN_COMMA = YES;
				CLANG_WARN_CONSTANT_CONVERSION = YES;
				CLANG_WARN_DEPRECATED_OBJC_IMPLEMENTATIONS = YES;
				CLANG_WARN_DIRECT_OBJC_ISA_USAGE = YES_ERROR;
				CLANG_WARN_DOCUMENTATION_COMMENTS = YES;
				CLANG_WARN_EMPTY_BODY = YES;
				CLANG_WARN_ENUM_CONVERSION = YES;
				CLANG_WARN_INFINITE_RECURSION = YES;
				CLANG_WARN_INT_CONVERSION = YES;
				CLANG_WARN_NON_LITERAL_NULL_CONVERSION = YES;
				CLANG_WARN_OBJC_IMPLICIT_RETAIN_SELF = YES;
				CLANG_WARN_OBJC_LITERAL_CONVERSION = YES;
				CLANG_WARN_OBJC_ROOT_CLASS = YES_ERROR;
				CLANG_WARN_QUOTED_INCLUDE_IN_FRAMEWORK_HEADER = YES;
				CLANG_WARN_RANGE_LOOP_ANALYSIS = YES;
				CLANG_WARN_STRICT_PROTOTYPES = YES;
				CLANG_WARN_SUSPICIOUS_MOVE = YES;
				CLANG_WARN_UNGUARDED_AVAILABILITY = YES_AGGRESSIVE;
				CLANG_WARN_UNREACHABLE_CODE = YES;
				CLANG_WARN__DUPLICATE_METHOD_MATCH = YES;
				COPY_PHASE_STRIP = NO;
				DEBUG_INFORMATION_FORMAT = "dwarf-with-dsym";
				ENABLE_NS_ASSERTIONS = NO;
				ENABLE_STRICT_OBJC_MSGSEND = YES;
				ENABLE_USER_SCRIPT_SANDBOXING = YES;
				GCC_C_LANGUAGE_STANDARD = gnu17;
				GCC_NO_COMMON_BLOCKS = YES;
				GCC_WARN_64_TO_32_BIT_CONVERSION = YES;
				GCC_WARN_ABOUT_RETURN_TYPE = YES_ERROR;
				GCC_WARN_UNDECLARED_SELECTOR = YES;
				GCC_WARN_UNINITIALIZED_AUTOS = YES_AGGRESSIVE;
				GCC_WARN_UNUSED_FUNCTION = YES;
				GCC_WARN_UNUSED_VARIABLE = YES;
				IPHONEOS_DEPLOYMENT_TARGET = 18.1;
				LOCALIZATION_PREFERS_STRING_CATALOGS = YES;
				MTL_ENABLE_DEBUG_INFO = NO;
				MTL_FAST_MATH = YES;
				SDKROOT = iphoneos;
				SWIFT_COMPILATION_MODE = wholemodule;
				VALIDATE_PRODUCT = YES;
			};
			name = Release;
		};
		BF1BB0AE2D09374F00E7D8E5 /* Debug */ = {
			isa = XCBuildConfiguration;
			buildSettings = {
				ASSETCATALOG_COMPILER_APPICON_NAME = AppIcon;
				ASSETCATALOG_COMPILER_GLOBAL_ACCENT_COLOR_NAME = AccentColor;
				CODE_SIGN_STYLE = Automatic;
				CURRENT_PROJECT_VERSION = 1;
				DEVELOPMENT_ASSET_PATHS = "\"Phone/Preview Content\"";
				ENABLE_PREVIEWS = YES;
				GENERATE_INFOPLIST_FILE = YES;
				INFOPLIST_KEY_UIApplicationSceneManifest_Generation = YES;
				INFOPLIST_KEY_UIApplicationSupportsIndirectInputEvents = YES;
				INFOPLIST_KEY_UILaunchScreen_Generation = YES;
				INFOPLIST_KEY_UISupportedInterfaceOrientations_iPad = "UIInterfaceOrientationPortrait UIInterfaceOrientationPortraitUpsideDown UIInterfaceOrientationLandscapeLeft UIInterfaceOrientationLandscapeRight";
				INFOPLIST_KEY_UISupportedInterfaceOrientations_iPhone = "UIInterfaceOrientationPortrait UIInterfaceOrientationLandscapeLeft UIInterfaceOrientationLandscapeRight";
				LD_RUNPATH_SEARCH_PATHS = (
					"$(inherited)",
					"@executable_path/Frameworks",
				);
				MARKETING_VERSION = 1.0;
				PRODUCT_BUNDLE_IDENTIFIER = com.cse.ntou.Phone;
				PRODUCT_NAME = "$(TARGET_NAME)";
				SWIFT_EMIT_LOC_STRINGS = YES;
				SWIFT_VERSION = 5.0;
				TARGETED_DEVICE_FAMILY = "1,2";
			};
			name = Debug;
		};
		BF1BB0AF2D09374F00E7D8E5 /* Release */ = {
			isa = XCBuildConfiguration;
			buildSettings = {
				ASSETCATALOG_COMPILER_APPICON_NAME = AppIcon;
				ASSETCATALOG_COMPILER_GLOBAL_ACCENT_COLOR_NAME = AccentColor;
				CODE_SIGN_STYLE = Automatic;
				CURRENT_PROJECT_VERSION = 1;
				DEVELOPMENT_ASSET_PATHS = "\"Phone/Preview Content\"";
				ENABLE_PREVIEWS = YES;
				GENERATE_INFOPLIST_FILE = YES;
				INFOPLIST_KEY_UIApplicationSceneManifest_Generation = YES;
				INFOPLIST_KEY_UIApplicationSupportsIndirectInputEvents = YES;
				INFOPLIST_KEY_UILaunchScreen_Generation = YES;
				INFOPLIST_KEY_UISupportedInterfaceOrientations_iPad = "UIInterfaceOrientationPortrait UIInterfaceOrientationPortraitUpsideDown UIInterfaceOrientationLandscapeLeft UIInterfaceOrientationLandscapeRight";
				INFOPLIST_KEY_UISupportedInterfaceOrientations_iPhone = "UIInterfaceOrientationPortrait UIInterfaceOrientationLandscapeLeft UIInterfaceOrientationLandscapeRight";
				LD_RUNPATH_SEARCH_PATHS = (
					"$(inherited)",
					"@executable_path/Frameworks",
				);
				MARKETING_VERSION = 1.0;
				PRODUCT_BUNDLE_IDENTIFIER = com.cse.ntou.Phone;
				PRODUCT_NAME = "$(TARGET_NAME)";
				SWIFT_EMIT_LOC_STRINGS = YES;
				SWIFT_VERSION = 5.0;
				TARGETED_DEVICE_FAMILY = "1,2";
			};
			name = Release;
		};
		BF1BB0B12D09374F00E7D8E5 /* Debug */ = {
			isa = XCBuildConfiguration;
			buildSettings = {
				BUNDLE_LOADER = "$(TEST_HOST)";
				CODE_SIGN_STYLE = Automatic;
				CURRENT_PROJECT_VERSION = 1;
				GENERATE_INFOPLIST_FILE = YES;
				IPHONEOS_DEPLOYMENT_TARGET = 18.1;
				MARKETING_VERSION = 1.0;
				PRODUCT_BUNDLE_IDENTIFIER = com.cse.ntou.PhoneTests;
				PRODUCT_NAME = "$(TARGET_NAME)";
				SWIFT_EMIT_LOC_STRINGS = NO;
				SWIFT_VERSION = 5.0;
				TARGETED_DEVICE_FAMILY = "1,2";
				TEST_HOST = "$(BUILT_PRODUCTS_DIR)/Phone.app/$(BUNDLE_EXECUTABLE_FOLDER_PATH)/Phone";
			};
			name = Debug;
		};
		BF1BB0B22D09374F00E7D8E5 /* Release */ = {
			isa = XCBuildConfiguration;
			buildSettings = {
				BUNDLE_LOADER = "$(TEST_HOST)";
				CODE_SIGN_STYLE = Automatic;
				CURRENT_PROJECT_VERSION = 1;
				GENERATE_INFOPLIST_FILE = YES;
				IPHONEOS_DEPLOYMENT_TARGET = 18.1;
				MARKETING_VERSION = 1.0;
				PRODUCT_BUNDLE_IDENTIFIER = com.cse.ntou.PhoneTests;
				PRODUCT_NAME = "$(TARGET_NAME)";
				SWIFT_EMIT_LOC_STRINGS = NO;
				SWIFT_VERSION = 5.0;
				TARGETED_DEVICE_FAMILY = "1,2";
				TEST_HOST = "$(BUILT_PRODUCTS_DIR)/Phone.app/$(BUNDLE_EXECUTABLE_FOLDER_PATH)/Phone";
			};
			name = Release;
		};
		BF1BB0B42D09374F00E7D8E5 /* Debug */ = {
			isa = XCBuildConfiguration;
			buildSettings = {
				CODE_SIGN_STYLE = Automatic;
				CURRENT_PROJECT_VERSION = 1;
				GENERATE_INFOPLIST_FILE = YES;
				MARKETING_VERSION = 1.0;
				PRODUCT_BUNDLE_IDENTIFIER = com.cse.ntou.PhoneUITests;
				PRODUCT_NAME = "$(TARGET_NAME)";
				SWIFT_EMIT_LOC_STRINGS = NO;
				SWIFT_VERSION = 5.0;
				TARGETED_DEVICE_FAMILY = "1,2";
				TEST_TARGET_NAME = Phone;
			};
			name = Debug;
		};
		BF1BB0B52D09374F00E7D8E5 /* Release */ = {
			isa = XCBuildConfiguration;
			buildSettings = {
				CODE_SIGN_STYLE = Automatic;
				CURRENT_PROJECT_VERSION = 1;
				GENERATE_INFOPLIST_FILE = YES;
				MARKETING_VERSION = 1.0;
				PRODUCT_BUNDLE_IDENTIFIER = com.cse.ntou.PhoneUITests;
				PRODUCT_NAME = "$(TARGET_NAME)";
				SWIFT_EMIT_LOC_STRINGS = NO;
				SWIFT_VERSION = 5.0;
				TARGETED_DEVICE_FAMILY = "1,2";
				TEST_TARGET_NAME = Phone;
			};
			name = Release;
		};
/* End XCBuildConfiguration section */

/* Begin XCConfigurationList section */
		BF1BB0822D09374E00E7D8E5 /* Build configuration list for PBXProject "Phone" */ = {
			isa = XCConfigurationList;
			buildConfigurations = (
				BF1BB0AB2D09374F00E7D8E5 /* Debug */,
				BF1BB0AC2D09374F00E7D8E5 /* Release */,
			);
			defaultConfigurationIsVisible = 0;
			defaultConfigurationName = Release;
		};
		BF1BB0AD2D09374F00E7D8E5 /* Build configuration list for PBXNativeTarget "Phone" */ = {
			isa = XCConfigurationList;
			buildConfigurations = (
				BF1BB0AE2D09374F00E7D8E5 /* Debug */,
				BF1BB0AF2D09374F00E7D8E5 /* Release */,
			);
			defaultConfigurationIsVisible = 0;
			defaultConfigurationName = Release;
		};
		BF1BB0B02D09374F00E7D8E5 /* Build configuration list for PBXNativeTarget "PhoneTests" */ = {
			isa = XCConfigurationList;
			buildConfigurations = (
				BF1BB0B12D09374F00E7D8E5 /* Debug */,
				BF1BB0B22D09374F00E7D8E5 /* Release */,
			);
			defaultConfigurationIsVisible = 0;
			defaultConfigurationName = Release;
		};
		BF1BB0B32D09374F00E7D8E5 /* Build configuration list for PBXNativeTarget "PhoneUITests" */ = {
			isa = XCConfigurationList;
			buildConfigurations = (
				BF1BB0B42D09374F00E7D8E5 /* Debug */,
				BF1BB0B52D09374F00E7D8E5 /* Release */,
			);
			defaultConfigurationIsVisible = 0;
			defaultConfigurationName = Release;
		};
/* End XCConfigurationList section */
	};
	rootObject = BF1BB07F2D09374E00E7D8E5 /* Project object */;
}
